// !$*UTF8*$!
{
	archiveVersion = 1;
	classes = {
	};
	objectVersion = 55;
	objects = {

/* Begin PBXBuildFile section */
		A560C18A286CFD2100F228DD /* smartnews_like_page_menuApp.swift in Sources */ = {isa = PBXBuildFile; fileRef = A560C189286CFD2100F228DD /* smartnews_like_page_menuApp.swift */; };
		A560C18C286CFD2100F228DD /* ContentView.swift in Sources */ = {isa = PBXBuildFile; fileRef = A560C18B286CFD2100F228DD /* ContentView.swift */; };
		A560C18E286CFD2200F228DD /* Assets.xcassets in Resources */ = {isa = PBXBuildFile; fileRef = A560C18D286CFD2200F228DD /* Assets.xcassets */; };
		A560C191286CFD2200F228DD /* Preview Assets.xcassets in Resources */ = {isa = PBXBuildFile; fileRef = A560C190286CFD2200F228DD /* Preview Assets.xcassets */; };
		A560C198286CFD7800F228DD /* PageMenuTab.swift in Sources */ = {isa = PBXBuildFile; fileRef = A560C197286CFD7800F228DD /* PageMenuTab.swift */; };
		A560C19D286D006A00F228DD /* PageMenu.swift in Sources */ = {isa = PBXBuildFile; fileRef = A560C19C286D006A00F228DD /* PageMenu.swift */; };
		A572129F286DE08400B7ED63 /* README.md in Resources */ = {isa = PBXBuildFile; fileRef = A572129E286DE08400B7ED63 /* README.md */; };
/* End PBXBuildFile section */

/* Begin PBXFileReference section */
		A560C186286CFD2100F228DD /* smartnews-like-page-menu.app */ = {isa = PBXFileReference; explicitFileType = wrapper.application; includeInIndex = 0; path = "smartnews-like-page-menu.app"; sourceTree = BUILT_PRODUCTS_DIR; };
		A560C189286CFD2100F228DD /* smartnews_like_page_menuApp.swift */ = {isa = PBXFileReference; lastKnownFileType = sourcecode.swift; path = smartnews_like_page_menuApp.swift; sourceTree = "<group>"; };
		A560C18B286CFD2100F228DD /* ContentView.swift */ = {isa = PBXFileReference; lastKnownFileType = sourcecode.swift; path = ContentView.swift; sourceTree = "<group>"; };
		A560C18D286CFD2200F228DD /* Assets.xcassets */ = {isa = PBXFileReference; lastKnownFileType = folder.assetcatalog; path = Assets.xcassets; sourceTree = "<group>"; };
		A560C190286CFD2200F228DD /* Preview Assets.xcassets */ = {isa = PBXFileReference; lastKnownFileType = folder.assetcatalog; path = "Preview Assets.xcassets"; sourceTree = "<group>"; };
		A560C197286CFD7800F228DD /* PageMenuTab.swift */ = {isa = PBXFileReference; lastKnownFileType = sourcecode.swift; path = PageMenuTab.swift; sourceTree = "<group>"; };
		A560C19C286D006A00F228DD /* PageMenu.swift */ = {isa = PBXFileReference; lastKnownFileType = sourcecode.swift; path = PageMenu.swift; sourceTree = "<group>"; };
		A572129E286DE08400B7ED63 /* README.md */ = {isa = PBXFileReference; fileEncoding = 4; lastKnownFileType = net.daringfireball.markdown; path = README.md; sourceTree = SOURCE_ROOT; };
/* End PBXFileReference section */

/* Begin PBXFrameworksBuildPhase section */
		A560C183286CFD2100F228DD /* Frameworks */ = {
			isa = PBXFrameworksBuildPhase;
			buildActionMask = 2147483647;
			files = (
			);
			runOnlyForDeploymentPostprocessing = 0;
		};
/* End PBXFrameworksBuildPhase section */

/* Begin PBXGroup section */
		A560C17D286CFD2100F228DD = {
			isa = PBXGroup;
			children = (
				A560C188286CFD2100F228DD /* smartnews-like-page-menu */,
				A560C187286CFD2100F228DD /* Products */,
			);
			sourceTree = "<group>";
		};
		A560C187286CFD2100F228DD /* Products */ = {
			isa = PBXGroup;
			children = (
				A560C186286CFD2100F228DD /* smartnews-like-page-menu.app */,
			);
			name = Products;
			sourceTree = "<group>";
		};
		A560C188286CFD2100F228DD /* smartnews-like-page-menu */ = {
			isa = PBXGroup;
			children = (
				A560C189286CFD2100F228DD /* smartnews_like_page_menuApp.swift */,
				A560C18B286CFD2100F228DD /* ContentView.swift */,
				A560C19B286D004C00F228DD /* PageMenu */,
				A560C18D286CFD2200F228DD /* Assets.xcassets */,
				A572129E286DE08400B7ED63 /* README.md */,
				A560C18F286CFD2200F228DD /* Preview Content */,
			);
			path = "smartnews-like-page-menu";
			sourceTree = "<group>";
		};
		A560C18F286CFD2200F228DD /* Preview Content */ = {
			isa = PBXGroup;
			children = (
				A560C190286CFD2200F228DD /* Preview Assets.xcassets */,
			);
			path = "Preview Content";
			sourceTree = "<group>";
		};
		A560C19B286D004C00F228DD /* PageMenu */ = {
			isa = PBXGroup;
			children = (
				A560C19C286D006A00F228DD /* PageMenu.swift */,
				A560C197286CFD7800F228DD /* PageMenuTab.swift */,
			);
			path = PageMenu;
			sourceTree = "<group>";
		};
/* End PBXGroup section */

/* Begin PBXNativeTarget section */
		A560C185286CFD2100F228DD /* smartnews-like-page-menu */ = {
			isa = PBXNativeTarget;
			buildConfigurationList = A560C194286CFD2200F228DD /* Build configuration list for PBXNativeTarget "smartnews-like-page-menu" */;
			buildPhases = (
				A560C182286CFD2100F228DD /* Sources */,
				A560C183286CFD2100F228DD /* Frameworks */,
				A560C184286CFD2100F228DD /* Resources */,
			);
			buildRules = (
			);
			dependencies = (
			);
			name = "smartnews-like-page-menu";
			productName = "smartnews-like-page-menu";
			productReference = A560C186286CFD2100F228DD /* smartnews-like-page-menu.app */;
			productType = "com.apple.product-type.application";
		};
/* End PBXNativeTarget section */

/* Begin PBXProject section */
		A560C17E286CFD2100F228DD /* Project object */ = {
			isa = PBXProject;
			attributes = {
				BuildIndependentTargetsInParallel = 1;
				LastSwiftUpdateCheck = 1340;
				LastUpgradeCheck = 1340;
				TargetAttributes = {
					A560C185286CFD2100F228DD = {
						CreatedOnToolsVersion = 13.4.1;
					};
				};
			};
			buildConfigurationList = A560C181286CFD2100F228DD /* Build configuration list for PBXProject "smartnews-like-page-menu" */;
			compatibilityVersion = "Xcode 13.0";
			developmentRegion = en;
			hasScannedForEncodings = 0;
			knownRegions = (
				en,
				Base,
			);
			mainGroup = A560C17D286CFD2100F228DD;
			productRefGroup = A560C187286CFD2100F228DD /* Products */;
			projectDirPath = "";
			projectRoot = "";
			targets = (
				A560C185286CFD2100F228DD /* smartnews-like-page-menu */,
			);
		};
/* End PBXProject section */

/* Begin PBXResourcesBuildPhase section */
		A560C184286CFD2100F228DD /* Resources */ = {
			isa = PBXResourcesBuildPhase;
			buildActionMask = 2147483647;
			files = (
				A572129F286DE08400B7ED63 /* README.md in Resources */,
				A560C191286CFD2200F228DD /* Preview Assets.xcassets in Resources */,
				A560C18E286CFD2200F228DD /* Assets.xcassets in Resources */,
			);
			runOnlyForDeploymentPostprocessing = 0;
		};
/* End PBXResourcesBuildPhase section */

/* Begin PBXSourcesBuildPhase section */
		A560C182286CFD2100F228DD /* Sources */ = {
			isa = PBXSourcesBuildPhase;
			buildActionMask = 2147483647;
			files = (
				A560C18C286CFD2100F228DD /* ContentView.swift in Sources */,
				A560C18A286CFD2100F228DD /* smartnews_like_page_menuApp.swift in Sources */,
				A560C19D286D006A00F228DD /* PageMenu.swift in Sources */,
				A560C198286CFD7800F228DD /* PageMenuTab.swift in Sources */,
			);
			runOnlyForDeploymentPostprocessing = 0;
		};
/* End PBXSourcesBuildPhase section */

/* Begin XCBuildConfiguration section */
		A560C192286CFD2200F228DD /* Debug */ = {
			isa = XCBuildConfiguration;
			buildSettings = {
				ALWAYS_SEARCH_USER_PATHS = NO;
				CLANG_ANALYZER_NONNULL = YES;
				CLANG_ANALYZER_NUMBER_OBJECT_CONVERSION = YES_AGGRESSIVE;
				CLANG_CXX_LANGUAGE_STANDARD = "gnu++17";
				CLANG_ENABLE_MODULES = YES;
				CLANG_ENABLE_OBJC_ARC = YES;
				CLANG_ENABLE_OBJC_WEAK = YES;
				CLANG_WARN_BLOCK_CAPTURE_AUTORELEASING = YES;
				CLANG_WARN_BOOL_CONVERSION = YES;
				CLANG_WARN_COMMA = YES;
				CLANG_WARN_CONSTANT_CONVERSION = YES;
				CLANG_WARN_DEPRECATED_OBJC_IMPLEMENTATIONS = YES;
				CLANG_WARN_DIRECT_OBJC_ISA_USAGE = YES_ERROR;
				CLANG_WARN_DOCUMENTATION_COMMENTS = YES;
				CLANG_WARN_EMPTY_BODY = YES;
				CLANG_WARN_ENUM_CONVERSION = YES;
				CLANG_WARN_INFINITE_RECURSION = YES;
				CLANG_WARN_INT_CONVERSION = YES;
				CLANG_WARN_NON_LITERAL_NULL_CONVERSION = YES;
				CLANG_WARN_OBJC_IMPLICIT_RETAIN_SELF = YES;
				CLANG_WARN_OBJC_LITERAL_CONVERSION = YES;
				CLANG_WARN_OBJC_ROOT_CLASS = YES_ERROR;
				CLANG_WARN_QUOTED_INCLUDE_IN_FRAMEWORK_HEADER = YES;
				CLANG_WARN_RANGE_LOOP_ANALYSIS = YES;
				CLANG_WARN_STRICT_PROTOTYPES = YES;
				CLANG_WARN_SUSPICIOUS_MOVE = YES;
				CLANG_WARN_UNGUARDED_AVAILABILITY = YES_AGGRESSIVE;
				CLANG_WARN_UNREACHABLE_CODE = YES;
				CLANG_WARN__DUPLICATE_METHOD_MATCH = YES;
				COPY_PHASE_STRIP = NO;
				DEBUG_INFORMATION_FORMAT = dwarf;
				ENABLE_STRICT_OBJC_MSGSEND = YES;
				ENABLE_TESTABILITY = YES;
				GCC_C_LANGUAGE_STANDARD = gnu11;
				GCC_DYNAMIC_NO_PIC = NO;
				GCC_NO_COMMON_BLOCKS = YES;
				GCC_OPTIMIZATION_LEVEL = 0;
				GCC_PREPROCESSOR_DEFINITIONS = (
					"DEBUG=1",
					"$(inherited)",
				);
				GCC_WARN_64_TO_32_BIT_CONVERSION = YES;
				GCC_WARN_ABOUT_RETURN_TYPE = YES_ERROR;
				GCC_WARN_UNDECLARED_SELECTOR = YES;
				GCC_WARN_UNINITIALIZED_AUTOS = YES_AGGRESSIVE;
				GCC_WARN_UNUSED_FUNCTION = YES;
				GCC_WARN_UNUSED_VARIABLE = YES;
				IPHONEOS_DEPLOYMENT_TARGET = 15.5;
				MTL_ENABLE_DEBUG_INFO = INCLUDE_SOURCE;
				MTL_FAST_MATH = YES;
				ONLY_ACTIVE_ARCH = YES;
				SDKROOT = iphoneos;
				SWIFT_ACTIVE_COMPILATION_CONDITIONS = DEBUG;
				SWIFT_OPTIMIZATION_LEVEL = "-Onone";
			};
			name = Debug;
		};
		A560C193286CFD2200F228DD /* Release */ = {
			isa = XCBuildConfiguration;
			buildSettings = {
				ALWAYS_SEARCH_USER_PATHS = NO;
				CLANG_ANALYZER_NONNULL = YES;
				CLANG_ANALYZER_NUMBER_OBJECT_CONVERSION = YES_AGGRESSIVE;
				CLANG_CXX_LANGUAGE_STANDARD = "gnu++17";
				CLANG_ENABLE_MODULES = YES;
				CLANG_ENABLE_OBJC_ARC = YES;
				CLANG_ENABLE_OBJC_WEAK = YES;
				CLANG_WARN_BLOCK_CAPTURE_AUTORELEASING = YES;
				CLANG_WARN_BOOL_CONVERSION = YES;
				CLANG_WARN_COMMA = YES;
				CLANG_WARN_CONSTANT_CONVERSION = YES;
				CLANG_WARN_DEPRECATED_OBJC_IMPLEMENTATIONS = YES;
				CLANG_WARN_DIRECT_OBJC_ISA_USAGE = YES_ERROR;
				CLANG_WARN_DOCUMENTATION_COMMENTS = YES;
				CLANG_WARN_EMPTY_BODY = YES;
				CLANG_WARN_ENUM_CONVERSION = YES;
				CLANG_WARN_INFINITE_RECURSION = YES;
				CLANG_WARN_INT_CONVERSION = YES;
				CLANG_WARN_NON_LITERAL_NULL_CONVERSION = YES;
				CLANG_WARN_OBJC_IMPLICIT_RETAIN_SELF = YES;
				CLANG_WARN_OBJC_LITERAL_CONVERSION = YES;
				CLANG_WARN_OBJC_ROOT_CLASS = YES_ERROR;
				CLANG_WARN_QUOTED_INCLUDE_IN_FRAMEWORK_HEADER = YES;
				CLANG_WARN_RANGE_LOOP_ANALYSIS = YES;
				CLANG_WARN_STRICT_PROTOTYPES = YES;
				CLANG_WARN_SUSPICIOUS_MOVE = YES;
				CLANG_WARN_UNGUARDED_AVAILABILITY = YES_AGGRESSIVE;
				CLANG_WARN_UNREACHABLE_CODE = YES;
				CLANG_WARN__DUPLICATE_METHOD_MATCH = YES;
				COPY_PHASE_STRIP = NO;
				DEBUG_INFORMATION_FORMAT = "dwarf-with-dsym";
				ENABLE_NS_ASSERTIONS = NO;
				ENABLE_STRICT_OBJC_MSGSEND = YES;
				GCC_C_LANGUAGE_STANDARD = gnu11;
				GCC_NO_COMMON_BLOCKS = YES;
				GCC_WARN_64_TO_32_BIT_CONVERSION = YES;
				GCC_WARN_ABOUT_RETURN_TYPE = YES_ERROR;
				GCC_WARN_UNDECLARED_SELECTOR = YES;
				GCC_WARN_UNINITIALIZED_AUTOS = YES_AGGRESSIVE;
				GCC_WARN_UNUSED_FUNCTION = YES;
				GCC_WARN_UNUSED_VARIABLE = YES;
				IPHONEOS_DEPLOYMENT_TARGET = 15.5;
				MTL_ENABLE_DEBUG_INFO = NO;
				MTL_FAST_MATH = YES;
				SDKROOT = iphoneos;
				SWIFT_COMPILATION_MODE = wholemodule;
				SWIFT_OPTIMIZATION_LEVEL = "-O";
				VALIDATE_PRODUCT = YES;
			};
			name = Release;
		};
		A560C195286CFD2200F228DD /* Debug */ = {
			isa = XCBuildConfiguration;
			buildSettings = {
				ASSETCATALOG_COMPILER_APPICON_NAME = AppIcon;
				ASSETCATALOG_COMPILER_GLOBAL_ACCENT_COLOR_NAME = AccentColor;
				CODE_SIGN_STYLE = Automatic;
				CURRENT_PROJECT_VERSION = 1;
				DEVELOPMENT_ASSET_PATHS = "\"smartnews-like-page-menu/Preview Content\"";
				DEVELOPMENT_TEAM = 3TNAJJ5Z2T;
				ENABLE_PREVIEWS = YES;
				GENERATE_INFOPLIST_FILE = YES;
				INFOPLIST_KEY_UIApplicationSceneManifest_Generation = YES;
				INFOPLIST_KEY_UIApplicationSupportsIndirectInputEvents = YES;
				INFOPLIST_KEY_UILaunchScreen_Generation = YES;
				INFOPLIST_KEY_UISupportedInterfaceOrientations_iPad = "UIInterfaceOrientationPortrait UIInterfaceOrientationPortraitUpsideDown UIInterfaceOrientationLandscapeLeft UIInterfaceOrientationLandscapeRight";
				INFOPLIST_KEY_UISupportedInterfaceOrientations_iPhone = "UIInterfaceOrientationPortrait UIInterfaceOrientationLandscapeLeft UIInterfaceOrientationLandscapeRight";
				LD_RUNPATH_SEARCH_PATHS = (
					"$(inherited)",
					"@executable_path/Frameworks",
				);
				MARKETING_VERSION = 1.0;
				PRODUCT_BUNDLE_IDENTIFIER = "com.watarumaeda.smartnews-like-page-menu";
				PRODUCT_NAME = "$(TARGET_NAME)";
				SWIFT_EMIT_LOC_STRINGS = YES;
				SWIFT_VERSION = 5.0;
				TARGETED_DEVICE_FAMILY = "1,2";
			};
			name = Debug;
		};
		A560C196286CFD2200F228DD /* Release */ = {
			isa = XCBuildConfiguration;
			buildSettings = {
				ASSETCATALOG_COMPILER_APPICON_NAME = AppIcon;
				ASSETCATALOG_COMPILER_GLOBAL_ACCENT_COLOR_NAME = AccentColor;
				CODE_SIGN_STYLE = Automatic;
				CURRENT_PROJECT_VERSION = 1;
				DEVELOPMENT_ASSET_PATHS = "\"smartnews-like-page-menu/Preview Content\"";
				DEVELOPMENT_TEAM = 3TNAJJ5Z2T;
				ENABLE_PREVIEWS = YES;
				GENERATE_INFOPLIST_FILE = YES;
				INFOPLIST_KEY_UIApplicationSceneManifest_Generation = YES;
				INFOPLIST_KEY_UIApplicationSupportsIndirectInputEvents = YES;
				INFOPLIST_KEY_UILaunchScreen_Generation = YES;
				INFOPLIST_KEY_UISupportedInterfaceOrientations_iPad = "UIInterfaceOrientationPortrait UIInterfaceOrientationPortraitUpsideDown UIInterfaceOrientationLandscapeLeft UIInterfaceOrientationLandscapeRight";
				INFOPLIST_KEY_UISupportedInterfaceOrientations_iPhone = "UIInterfaceOrientationPortrait UIInterfaceOrientationLandscapeLeft UIInterfaceOrientationLandscapeRight";
				LD_RUNPATH_SEARCH_PATHS = (
					"$(inherited)",
					"@executable_path/Frameworks",
				);
				MARKETING_VERSION = 1.0;
				PRODUCT_BUNDLE_IDENTIFIER = "com.watarumaeda.smartnews-like-page-menu";
				PRODUCT_NAME = "$(TARGET_NAME)";
				SWIFT_EMIT_LOC_STRINGS = YES;
				SWIFT_VERSION = 5.0;
				TARGETED_DEVICE_FAMILY = "1,2";
			};
			name = Release;
		};
/* End XCBuildConfiguration section */

/* Begin XCConfigurationList section */
		A560C181286CFD2100F228DD /* Build configuration list for PBXProject "smartnews-like-page-menu" */ = {
			isa = XCConfigurationList;
			buildConfigurations = (
				A560C192286CFD2200F228DD /* Debug */,
				A560C193286CFD2200F228DD /* Release */,
			);
			defaultConfigurationIsVisible = 0;
			defaultConfigurationName = Release;
		};
		A560C194286CFD2200F228DD /* Build configuration list for PBXNativeTarget "smartnews-like-page-menu" */ = {
			isa = XCConfigurationList;
			buildConfigurations = (
				A560C195286CFD2200F228DD /* Debug */,
				A560C196286CFD2200F228DD /* Release */,
			);
			defaultConfigurationIsVisible = 0;
			defaultConfigurationName = Release;
		};
/* End XCConfigurationList section */
	};
	rootObject = A560C17E286CFD2100F228DD /* Project object */;
}
